{
  "version": 4,
  "terraform_version": "1.14.3",
  "serial": 41,
  "lineage": "1bba3f43-cc04-ef05-b5c2-3e8222f05303",
  "outputs": {},
  "resources": [
    {
      "module": "module.armor",
      "mode": "managed",
      "type": "google_compute_security_policy",
      "name": "retail_armor",
      "provider": "provider[\"registry.terraform.io/hashicorp/google\"]",
      "instances": [
        {
          "schema_version": 0,
          "attributes": {
            "adaptive_protection_config": [],
            "advanced_options_config": [],
            "description": "WAF policy for retail MVP",
            "effective_labels": {
              "goog-terraform-provisioned": "true"
            },
            "fingerprint": "G2NDgGYGxsY=",
            "id": "projects/retail-mvp-dev/global/securityPolicies/retail-cloud-armor",
            "label_fingerprint": "vezUS-42LLM=",
            "labels": {},
            "name": "retail-cloud-armor",
            "project": "retail-mvp-dev",
            "recaptcha_options_config": [],
            "rule": [
              {
                "action": "allow",
                "description": "Allow auth endpoints",
                "header_action": [],
                "match": [
                  {
                    "config": [],
                    "expr": [
                      {
                        "expression": "request.path.matches('/api/auth/.*')"
                      }
                    ],
                    "expr_options": [],
                    "versioned_expr": ""
                  }
                ],
                "preconfigured_waf_config": [],
                "preview": false,
                "priority": 900,
                "rate_limit_options": [],
                "redirect_options": []
              },
              {
                "action": "allow",
                "description": "default rule",
                "header_action": [],
                "match": [
                  {
                    "config": [
                      {
                        "src_ip_ranges": [
                          "*"
                        ]
                      }
                    ],
                    "expr": [],
                    "expr_options": [],
                    "versioned_expr": "SRC_IPS_V1"
                  }
                ],
                "preconfigured_waf_config": [],
                "preview": false,
                "priority": 2147483647,
                "rate_limit_options": [],
                "redirect_options": []
              },
              {
                "action": "deny(403)",
                "description": "Block SQL injection",
                "header_action": [],
                "match": [
                  {
                    "config": [],
                    "expr": [
                      {
                        "expression": "evaluatePreconfiguredExpr('sqli-v33-stable')"
                      }
                    ],
                    "expr_options": [],
                    "versioned_expr": ""
                  }
                ],
                "preconfigured_waf_config": [],
                "preview": false,
                "priority": 1000,
                "rate_limit_options": [],
                "redirect_options": []
              },
              {
                "action": "deny(403)",
                "description": "Block remote code execution incl Log4Shell",
                "header_action": [],
                "match": [
                  {
                    "config": [],
                    "expr": [
                      {
                        "expression": "evaluatePreconfiguredExpr('rce-v33-stable')"
                      }
                    ],
                    "expr_options": [],
                    "versioned_expr": ""
                  }
                ],
                "preconfigured_waf_config": [],
                "preview": false,
                "priority": 1002,
                "rate_limit_options": [],
                "redirect_options": []
              },
              {
                "action": "rate_based_ban",
                "description": "Rate limit per IP",
                "header_action": [],
                "match": [
                  {
                    "config": [],
                    "expr": [
                      {
                        "expression": "true"
                      }
                    ],
                    "expr_options": [],
                    "versioned_expr": ""
                  }
                ],
                "preconfigured_waf_config": [],
                "preview": false,
                "priority": 2000,
                "rate_limit_options": [
                  {
                    "ban_duration_sec": 300,
                    "ban_threshold": [],
                    "conform_action": "allow",
                    "enforce_on_key": "IP",
                    "enforce_on_key_configs": [],
                    "enforce_on_key_name": "",
                    "exceed_action": "deny(429)",
                    "exceed_redirect_options": [],
                    "rate_limit_threshold": [
                      {
                        "count": 100,
                        "interval_sec": 60
                      }
                    ]
                  }
                ],
                "redirect_options": []
              }
            ],
            "self_link": "https://www.googleapis.com/compute/v1/projects/retail-mvp-dev/global/securityPolicies/retail-cloud-armor",
            "terraform_labels": {
              "goog-terraform-provisioned": "true"
            },
            "timeouts": null,
            "type": "CLOUD_ARMOR"
          },
          "sensitive_attributes": [],
          "identity_schema_version": 0,
          "private": "eyJlMmJmYjczMC1lY2FhLTExZTYtOGY4OC0zNDM2M2JjN2M0YzAiOnsiY3JlYXRlIjozNjAwMDAwMDAwMDAwLCJkZWxldGUiOjM2MDAwMDAwMDAwMDAsInVwZGF0ZSI6MzYwMDAwMDAwMDAwMH19"
        }
      ]
    },
    {
      "module": "module.gcs",
      "mode": "managed",
      "type": "google_artifact_registry_repository",
      "name": "retail_repo",
      "provider": "provider[\"registry.terraform.io/hashicorp/google\"]",
      "instances": [
        {
          "schema_version": 0,
          "attributes": {
            "cleanup_policies": [],
            "cleanup_policy_dry_run": false,
            "create_time": "2026-04-26T14:02:50.858553Z",
            "description": "Retail MVP container images",
            "docker_config": [],
            "effective_labels": {
              "goog-terraform-provisioned": "true"
            },
            "format": "DOCKER",
            "id": "projects/retail-mvp-dev/locations/us-central1/repositories/retail-repo",
            "kms_key_name": "",
            "labels": {},
            "location": "us-central1",
            "maven_config": [],
            "mode": "STANDARD_REPOSITORY",
            "name": "retail-repo",
            "project": "retail-mvp-dev",
            "registry_uri": "us-central1-docker.pkg.dev/retail-mvp-dev/retail-repo",
            "remote_repository_config": [],
            "repository_id": "retail-repo",
            "terraform_labels": {
              "goog-terraform-provisioned": "true"
            },
            "timeouts": null,
            "update_time": "2026-04-26T14:02:50.858553Z",
            "virtual_repository_config": [],
            "vulnerability_scanning_config": [
              {
                "enablement_config": "",
                "enablement_state": "SCANNING_DISABLED",
                "enablement_state_reason": "API containerscanning.googleapis.com is not enabled."
              }
            ]
          },
          "sensitive_attributes": [],
          "identity_schema_version": 1,
          "identity": {
            "location": "us-central1",
            "project": "retail-mvp-dev",
            "repository_id": "retail-repo"
          },
          "private": "eyJlMmJmYjczMC1lY2FhLTExZTYtOGY4OC0zNDM2M2JjN2M0YzAiOnsiY3JlYXRlIjoxMjAwMDAwMDAwMDAwLCJkZWxldGUiOjEyMDAwMDAwMDAwMDAsInVwZGF0ZSI6MTIwMDAwMDAwMDAwMH19"
        }
      ]
    },
    {
      "module": "module.gcs",
      "mode": "managed",
      "type": "google_storage_bucket",
      "name": "velero",
      "provider": "provider[\"registry.terraform.io/hashicorp/google\"]",
      "instances": [
        {
          "schema_version": 4,
          "attributes": {
            "autoclass": [],
            "cors": [],
            "custom_placement_config": [],
            "default_event_based_hold": false,
            "effective_labels": {
              "goog-terraform-provisioned": "true"
            },
            "enable_object_retention": false,
            "encryption": [],
            "force_destroy": false,
            "hierarchical_namespace": [
              {
                "enabled": false
              }
            ],
            "id": "retail-mvp-dev-velero-backups",
            "ip_filter": [],
            "labels": {},
            "lifecycle_rule": [
              {
                "action": [
                  {
                    "storage_class": "",
                    "type": "Delete"
                  }
                ],
                "condition": [
                  {
                    "age": 30,
                    "created_before": "",
                    "custom_time_before": "",
                    "days_since_custom_time": 0,
                    "days_since_noncurrent_time": 0,
                    "matches_prefix": [],
                    "matches_storage_class": [],
                    "matches_suffix": [],
                    "noncurrent_time_before": "",
                    "num_newer_versions": 0,
                    "send_age_if_zero": false,
                    "send_days_since_custom_time_if_zero": false,
                    "send_days_since_noncurrent_time_if_zero": false,
                    "send_num_newer_versions_if_zero": false,
                    "with_state": "ANY"
                  }
                ]
              }
            ],
            "location": "US-CENTRAL1",
            "logging": [],
            "name": "retail-mvp-dev-velero-backups",
            "project": "retail-mvp-dev",
            "project_number": 1058692805920,
            "public_access_prevention": "inherited",
            "requester_pays": false,
            "retention_policy": [],
            "rpo": null,
            "self_link": "https://www.googleapis.com/storage/v1/b/retail-mvp-dev-velero-backups",
            "soft_delete_policy": [
              {
                "effective_time": "2026-04-26T14:02:49.801Z",
                "retention_duration_seconds": 604800
              }
            ],
            "storage_class": "STANDARD",
            "terraform_labels": {
              "goog-terraform-provisioned": "true"
            },
            "time_created": "2026-04-26T14:02:49.801Z",
            "timeouts": null,
            "uniform_bucket_level_access": true,
            "updated": "2026-04-26T14:02:49.801Z",
            "url": "gs://retail-mvp-dev-velero-backups",
            "versioning": [
              {
                "enabled": true
              }
            ],
            "website": []
          },
          "sensitive_attributes": [],
          "identity_schema_version": 0,
          "private": "eyJlMmJmYjczMC1lY2FhLTExZTYtOGY4OC0zNDM2M2JjN2M0YzAiOnsiY3JlYXRlIjo2MDAwMDAwMDAwMDAsInJlYWQiOjI0MDAwMDAwMDAwMCwidXBkYXRlIjoyNDAwMDAwMDAwMDB9LCJzY2hlbWFfdmVyc2lvbiI6IjQifQ=="
        }
      ]
    },
    {
      "module": "module.gke",
      "mode": "managed",
      "type": "google_container_cluster",
      "name": "gke",
      "provider": "provider[\"registry.terraform.io/hashicorp/google\"]",
      "instances": [
        {
          "status": "tainted",
          "schema_version": 2,
          "attributes": {
            "addons_config": [
              {
                "cloudrun_config": [],
                "config_connector_config": [],
                "dns_cache_config": [
                  {
                    "enabled": true
                  }
                ],
                "gce_persistent_disk_csi_driver_config": [
                  {
                    "enabled": true
                  }
                ],
                "gcp_filestore_csi_driver_config": [],
                "gcs_fuse_csi_driver_config": [],
                "gke_backup_agent_config": [],
                "horizontal_pod_autoscaling": [],
                "http_load_balancing": [],
                "lustre_csi_driver_config": [],
                "network_policy_config": [
                  {
                    "disabled": true
                  }
                ],
                "parallelstore_csi_driver_config": [],
                "ray_operator_config": [],
                "slice_controller_config": [],
                "stateful_ha_config": []
              }
            ],
            "allow_net_admin": null,
            "anonymous_authentication_config": [
              {
                "mode": "LIMITED"
              }
            ],
            "authenticator_groups_config": [],
            "autopilot_cluster_policy_config": [],
            "autopilot_privileged_admission": [],
            "binary_authorization": [
              {
                "enabled": false,
                "evaluation_mode": ""
              }
            ],
            "cluster_autoscaling": [
              {
                "auto_provisioning_defaults": [
                  {
                    "boot_disk_kms_key": "",
                    "disk_size": 0,
                    "disk_type": "",
                    "image_type": "COS_CONTAINERD",
                    "management": [
                      {
                        "auto_repair": true,
                        "auto_upgrade": true,
                        "upgrade_options": []
                      }
                    ],
                    "min_cpu_platform": "",
                    "oauth_scopes": [
                      "https://www.googleapis.com/auth/devstorage.read_only",
                      "https://www.googleapis.com/auth/logging.write",
                      "https://www.googleapis.com/auth/monitoring",
                      "https://www.googleapis.com/auth/service.management.readonly",
                      "https://www.googleapis.com/auth/servicecontrol",
                      "https://www.googleapis.com/auth/trace.append"
                    ],
                    "service_account": "default",
                    "shielded_instance_config": [],
                    "upgrade_settings": []
                  }
                ],
                "auto_provisioning_locations": [],
                "autoscaling_profile": "BALANCED",
                "default_compute_class_enabled": false,
                "enabled": false,
                "resource_limits": []
              }
            ],
            "cluster_ipv4_cidr": "10.1.0.0/16",
            "confidential_nodes": [],
            "control_plane_endpoints_config": [
              {
                "dns_endpoint_config": [
                  {
                    "allow_external_traffic": false,
                    "enable_k8s_certs_via_dns": false,
                    "enable_k8s_tokens_via_dns": false,
                    "endpoint": "gke-e8c0a83d9e0c49de8d7c6cd5cf67df7966fa-1058692805920.us-central1.gke.goog"
                  }
                ],
                "ip_endpoints_config": [
                  {
                    "enabled": true
                  }
                ]
              }
            ],
            "cost_management_config": [],
            "database_encryption": [
              {
                "key_name": "",
                "state": "DECRYPTED"
              }
            ],
            "datapath_provider": "",
            "default_max_pods_per_node": 110,
            "default_snat_status": [
              {
                "disabled": false
              }
            ],
            "deletion_protection": false,
            "description": "",
            "disable_l4_lb_firewall_reconciliation": false,
            "dns_config": [],
            "effective_labels": {
              "goog-terraform-provisioned": "true"
            },
            "enable_autopilot": false,
            "enable_cilium_clusterwide_network_policy": false,
            "enable_fqdn_network_policy": false,
            "enable_intranode_visibility": false,
            "enable_k8s_beta_apis": [],
            "enable_kubernetes_alpha": false,
            "enable_l4_ilb_subsetting": false,
            "enable_legacy_abac": false,
            "enable_multi_networking": false,
            "enable_shielded_nodes": true,
            "enable_tpu": false,
            "endpoint": "35.223.64.217",
            "enterprise_config": [
              {
                "cluster_tier": "STANDARD",
                "desired_tier": ""
              }
            ],
            "fleet": [],
            "gateway_api_config": [],
            "gke_auto_upgrade_config": [],
            "id": "projects/retail-mvp-dev/locations/us-central1/clusters/gke-cluster",
            "identity_service_config": [],
            "in_transit_encryption_config": "",
            "initial_node_count": 1,
            "ip_allocation_policy": [
              {
                "additional_ip_ranges_config": [],
                "additional_pod_ranges_config": [],
                "auto_ipam_config": [],
                "cluster_ipv4_cidr_block": "10.1.0.0/16",
                "cluster_secondary_range_name": "pods-range",
                "network_tier_config": [
                  {
                    "network_tier": "NETWORK_TIER_DEFAULT"
                  }
                ],
                "pod_cidr_overprovision_config": [
                  {
                    "disabled": false
                  }
                ],
                "services_ipv4_cidr_block": "10.2.0.0/16",
                "services_secondary_range_name": "services-range",
                "stack_type": "IPV4"
              }
            ],
            "label_fingerprint": "78cdf2f6",
            "location": "us-central1",
            "logging_config": [
              {
                "enable_components": [
                  "SYSTEM_COMPONENTS",
                  "WORKLOADS"
                ]
              }
            ],
            "logging_service": "logging.googleapis.com/kubernetes",
            "maintenance_policy": [],
            "master_auth": [
              {
                "client_certificate": "",
                "client_certificate_config": [
                  {
                    "issue_client_certificate": false
                  }
                ],
                "client_key": "",
                "cluster_ca_certificate": "LS0tLS1CRUdJTiBDRVJUSUZJQ0FURS0tLS0tCk1JSUVMRENDQXBTZ0F3SUJBZ0lRYXlGa0NENlZiVytuRkttSXJDSUdvekFOQmdrcWhraUc5dzBCQVFzRkFEQXYKTVMwd0t3WURWUVFERXlSbU1UZGxNR0ZoWmkwM1lqazJMVFF6TXpVdE9HUXlNQzAwWWpobE5EZG1NamsyTURFdwpJQmNOTWpZd05ESTJNVE13TXpNNVdoZ1BNakExTmpBME1UZ3hOREF6TXpsYU1DOHhMVEFyQmdOVkJBTVRKR1l4Ck4yVXdZV0ZtTFRkaU9UWXRORE16TlMwNFpESXdMVFJpT0dVME4yWXlPVFl3TVRDQ0FhSXdEUVlKS29aSWh2Y04KQVFFQkJRQURnZ0dQQURDQ0FZb0NnZ0dCQVBpdEhpSlJSb1RBV0hFYVJHTXRTaDlvWUY0VS9nRTlKWGl5RjluVwpCM21PTUU2SFpuSmJYRHo4MVhHRUtDdlB3Q0tDTXIyUmF3RlllUWt1QllYWkRndnFpZnJoV0x0Ujh3azZoZ044CnpQOUY1MzVsL0FmTlV2eDlUU3pMRnBHQWlkOFNYeUxFY04wdlNDV04rcytlaEo5OXBwMkZld201MStONXhNN2UKTWZpUC9OSVZZZ0VzQjMwZFNNZjRvc3NTNEdUdGluTWdVMXZ1dFNzK0ovOFBVcnd4N0dBVjZuRmkyelF3dFVxUgpSZVVGQnltVXhxLzIrd2NzREpCLy9ZVHRWSm1oZVd4ZXdOcjc2dlFWbkpyeG4weFZuWURGMElmMmVzVDVIOVZPClErQitHNjZVNlh5S3Z0QnhHUWNqMlNkdzZNWWlsaHZieHdpWlRSUGY5YnlDUVFkYWhpUkpwRk50L0pnakhvcEwKZDhsYVdNSGdKb1JSSmgrOVFDOHR0SlVvd3J1aVJnSUU0cjRvM1E0UnNWZUhEUk1ISlVGM1owUHh6Y2xtdTBNMwp3T3ZHblhhQ2ZwVXFwaWJpaUtPV3V5WVJuMkdzenVQblRGYzZ1aUpEdFAybDFTM29DSThsL3RUZzJMNng0U2F2CjlnYkRwTFdEVGMrbTMxYVJFK21mOWJjVUpRSURBUUFCbzBJd1FEQU9CZ05WSFE4QkFmOEVCQU1DQWdRd0R3WUQKVlIwVEFRSC9CQVV3QXdFQi96QWRCZ05WSFE0RUZnUVVwZ1FjbUdhVDUyUXA0RllRd2tGM29ySDJ0RGd3RFFZSgpLb1pJaHZjTkFRRUxCUUFEZ2dHQkFPbVhqN1o4b2wwc0xuV3pCbitQMjlDbnZKUHM1QTl3c1RDK1RoQ2tDb1RICjVITDlzN0x1MGVQNXdBUHMzR21kclY3VWpFOWtPVEpMOStRQlhIalFLMTZvazFsdTl0ZmZ1UEZ2TFhlUVAzUHgKTE9adzBqUHhMclZvenQxZzlVbnlVdWVYVzFoU1RqZ29lTEN2Qk56NWdBUnY4YzlDVDgwVk1ibGhWSEd2RFNjMgpwUFRrNVByK1lPK093SDBkL1pNcmdwQ0J5b0czOEVoVGpWM0ZqTVhUY0dDUis3K3hkdVVRaXpUQmZmeHNGMnpjCjh2ckl3NVdIMlNHYU5mZDZ2elVhSHdBN1JwYkRVNkNFZW1RVHpscUhNZWxKYUJFZk9CUkJmeWlNWWJSZ3pSeWsKemtKenJ4N1YyVXY3OTVvd0NEV1R3dks4emFMd25jMzNWOHJBcXFreFNoQWJaUGptL0FYQkJjVG44VG5yNnJyTwpnTFZDR0FsanYxMUh5ZFhEbllXQ2xNZTJSNkZlYzk0VEZYdkY1VkwxZ3YyeFRrZi9VZUovdnZsQi81LzRESmRTCjNiak54NUF6U0c1bk5mZkIwcDZJYVB3Z3lPdkFTYWNuaW1TaHZoOXB2UXllOWMwSHA2U2trUGowdkg5TCtobUYKZVZsMEZ5VnMzdGo1KzVSSWNjOGpJdz09Ci0tLS0tRU5EIENFUlRJRklDQVRFLS0tLS0K"
              }
            ],
            "master_authorized_networks_config": [
              {
                "cidr_blocks": [
                  {
                    "cidr_block": "0.0.0.0/0",
                    "display_name": "temp-open-for-dev"
                  }
                ],
                "gcp_public_cidrs_access_enabled": false,
                "private_endpoint_enforcement_enabled": true
              }
            ],
            "master_version": "1.35.1-gke.1396002",
            "mesh_certificates": [],
            "min_master_version": null,
            "monitoring_config": [
              {
                "advanced_datapath_observability_config": [
                  {
                    "enable_metrics": false,
                    "enable_relay": false
                  }
                ],
                "enable_components": [
                  "SYSTEM_COMPONENTS",
                  "JOBSET",
                  "STORAGE",
                  "HPA",
                  "POD",
                  "DAEMONSET",
                  "DEPLOYMENT",
                  "STATEFULSET",
                  "KUBELET",
                  "CADVISOR",
                  "DCGM"
                ],
                "managed_prometheus": [
                  {
                    "auto_monitoring_config": [],
                    "enabled": true
                  }
                ]
              }
            ],
            "monitoring_service": "monitoring.googleapis.com/kubernetes",
            "name": "gke-cluster",
            "network": "projects/retail-mvp-dev/global/networks/gcp-vpc",
            "network_performance_config": [],
            "network_policy": [
              {
                "enabled": false,
                "provider": "PROVIDER_UNSPECIFIED"
              }
            ],
            "networking_mode": "VPC_NATIVE",
            "node_config": [
              {
                "advanced_machine_features": [],
                "boot_disk": [
                  {
                    "disk_type": "pd-balanced",
                    "provisioned_iops": 0,
                    "provisioned_throughput": 0,
                    "size_gb": 100
                  }
                ],
                "boot_disk_kms_key": "",
                "confidential_nodes": [],
                "containerd_config": [],
                "disk_size_gb": 100,
                "disk_type": "pd-balanced",
                "effective_taints": [],
                "enable_confidential_storage": false,
                "ephemeral_storage_local_ssd_config": [],
                "fast_socket": [],
                "flex_start": false,
                "gcfs_config": [],
                "guest_accelerator": [],
                "gvnic": [],
                "host_maintenance_policy": [],
                "image_type": "COS_CONTAINERD",
                "kubelet_config": [
                  {
                    "allowed_unsafe_sysctls": [],
                    "container_log_max_files": 0,
                    "container_log_max_size": "",
                    "cpu_cfs_quota": false,
                    "cpu_cfs_quota_period": "",
                    "cpu_manager_policy": "",
                    "eviction_max_pod_grace_period_seconds": 0,
                    "eviction_minimum_reclaim": [],
                    "eviction_soft": [],
                    "eviction_soft_grace_period": [],
                    "image_gc_high_threshold_percent": 0,
                    "image_gc_low_threshold_percent": 0,
                    "image_maximum_gc_age": "",
                    "image_minimum_gc_age": "",
                    "insecure_kubelet_readonly_port_enabled": "FALSE",
                    "max_parallel_image_pulls": 2,
                    "memory_manager": [],
                    "pod_pids_limit": 0,
                    "single_process_oom_kill": false,
                    "topology_manager": []
                  }
                ],
                "labels": {},
                "linux_node_config": [],
                "local_nvme_ssd_block_config": [],
                "local_ssd_count": 0,
                "local_ssd_encryption_mode": "",
                "logging_variant": "DEFAULT",
                "machine_type": "e2-medium",
                "max_run_duration": "",
                "metadata": {
                  "disable-legacy-endpoints": "true"
                },
                "min_cpu_platform": "",
                "node_group": "",
                "oauth_scopes": [
                  "https://www.googleapis.com/auth/devstorage.read_only",
                  "https://www.googleapis.com/auth/logging.write",
                  "https://www.googleapis.com/auth/monitoring",
                  "https://www.googleapis.com/auth/service.management.readonly",
                  "https://www.googleapis.com/auth/servicecontrol",
                  "https://www.googleapis.com/auth/trace.append"
                ],
                "preemptible": false,
                "reservation_affinity": [],
                "resource_labels": {
                  "goog-gke-node-pool-provisioning-model": "on-demand"
                },
                "resource_manager_tags": {},
                "sandbox_config": [],
                "secondary_boot_disks": [],
                "service_account": "default",
                "shielded_instance_config": [
                  {
                    "enable_integrity_monitoring": true,
                    "enable_secure_boot": false
                  }
                ],
                "sole_tenant_config": [],
                "spot": false,
                "storage_pools": [],
                "tags": [],
                "taint": [],
                "windows_node_config": [
                  {
                    "osversion": ""
                  }
                ],
                "workload_metadata_config": [
                  {
                    "mode": "GKE_METADATA"
                  }
                ]
              }
            ],
            "node_locations": [
              "us-central1-a",
              "us-central1-b",
              "us-central1-c"
            ],
            "node_pool": [
              {
                "autoscaling": [],
                "initial_node_count": 1,
                "instance_group_urls": [
                  "https://www.googleapis.com/compute/v1/projects/retail-mvp-dev/zones/us-central1-c/instanceGroupManagers/gke-gke-cluster-default-pool-ab8d7050-grp",
                  "https://www.googleapis.com/compute/v1/projects/retail-mvp-dev/zones/us-central1-b/instanceGroupManagers/gke-gke-cluster-default-pool-3f4ce80b-grp",
                  "https://www.googleapis.com/compute/v1/projects/retail-mvp-dev/zones/us-central1-a/instanceGroupManagers/gke-gke-cluster-default-pool-aab38d8c-grp"
                ],
                "managed_instance_group_urls": [
                  "https://www.googleapis.com/compute/v1/projects/retail-mvp-dev/zones/us-central1-c/instanceGroups/gke-gke-cluster-default-pool-ab8d7050-grp",
                  "https://www.googleapis.com/compute/v1/projects/retail-mvp-dev/zones/us-central1-b/instanceGroups/gke-gke-cluster-default-pool-3f4ce80b-grp",
                  "https://www.googleapis.com/compute/v1/projects/retail-mvp-dev/zones/us-central1-a/instanceGroups/gke-gke-cluster-default-pool-aab38d8c-grp"
                ],
                "management": [
                  {
                    "auto_repair": true,
                    "auto_upgrade": true
                  }
                ],
                "max_pods_per_node": 110,
                "name": "default-pool",
                "name_prefix": "",
                "network_config": [
                  {
                    "additional_node_network_configs": [],
                    "additional_pod_network_configs": [],
                    "create_pod_range": false,
                    "enable_private_nodes": true,
                    "network_performance_config": [],
                    "pod_cidr_overprovision_config": [],
                    "pod_ipv4_cidr_block": "10.1.0.0/16",
                    "pod_range": "pods-range",
                    "subnetwork": "projects/retail-mvp-dev/regions/us-central1/subnetworks/gcp-subnet"
                  }
                ],
                "node_config": [
                  {
                    "advanced_machine_features": [],
                    "boot_disk": [
                      {
                        "disk_type": "pd-balanced",
                        "provisioned_iops": 0,
                        "provisioned_throughput": 0,
                        "size_gb": 100
                      }
                    ],
                    "boot_disk_kms_key": "",
                    "confidential_nodes": [],
                    "containerd_config": [],
                    "disk_size_gb": 100,
                    "disk_type": "pd-balanced",
                    "effective_taints": [],
                    "enable_confidential_storage": false,
                    "ephemeral_storage_local_ssd_config": [],
                    "fast_socket": [],
                    "flex_start": false,
                    "gcfs_config": [],
                    "guest_accelerator": [],
                    "gvnic": [],
                    "host_maintenance_policy": [],
                    "image_type": "COS_CONTAINERD",
                    "kubelet_config": [
                      {
                        "allowed_unsafe_sysctls": [],
                        "container_log_max_files": 0,
                        "container_log_max_size": "",
                        "cpu_cfs_quota": false,
                        "cpu_cfs_quota_period": "",
                        "cpu_manager_policy": "",
                        "eviction_max_pod_grace_period_seconds": 0,
                        "eviction_minimum_reclaim": [],
                        "eviction_soft": [],
                        "eviction_soft_grace_period": [],
                        "image_gc_high_threshold_percent": 0,
                        "image_gc_low_threshold_percent": 0,
                        "image_maximum_gc_age": "",
                        "image_minimum_gc_age": "",
                        "insecure_kubelet_readonly_port_enabled": "FALSE",
                        "max_parallel_image_pulls": 2,
                        "memory_manager": [],
                        "pod_pids_limit": 0,
                        "single_process_oom_kill": false,
                        "topology_manager": []
                      }
                    ],
                    "labels": {},
                    "linux_node_config": [],
                    "local_nvme_ssd_block_config": [],
                    "local_ssd_count": 0,
                    "local_ssd_encryption_mode": "",
                    "logging_variant": "DEFAULT",
                    "machine_type": "e2-medium",
                    "max_run_duration": "",
                    "metadata": {
                      "disable-legacy-endpoints": "true"
                    },
                    "min_cpu_platform": "",
                    "node_group": "",
                    "oauth_scopes": [
                      "https://www.googleapis.com/auth/devstorage.read_only",
                      "https://www.googleapis.com/auth/logging.write",
                      "https://www.googleapis.com/auth/monitoring",
                      "https://www.googleapis.com/auth/service.management.readonly",
                      "https://www.googleapis.com/auth/servicecontrol",
                      "https://www.googleapis.com/auth/trace.append"
                    ],
                    "preemptible": false,
                    "reservation_affinity": [],
                    "resource_labels": {
                      "goog-gke-node-pool-provisioning-model": "on-demand"
                    },
                    "resource_manager_tags": {},
                    "sandbox_config": [],
                    "secondary_boot_disks": [],
                    "service_account": "default",
                    "shielded_instance_config": [
                      {
                        "enable_integrity_monitoring": true,
                        "enable_secure_boot": false
                      }
                    ],
                    "sole_tenant_config": [],
                    "spot": false,
                    "storage_pools": [],
                    "tags": [],
                    "taint": [],
                    "windows_node_config": [
                      {
                        "osversion": ""
                      }
                    ],
                    "workload_metadata_config": [
                      {
                        "mode": "GKE_METADATA"
                      }
                    ]
                  }
                ],
                "node_count": 1,
                "node_drain_config": [],
                "node_locations": [
                  "us-central1-a",
                  "us-central1-b",
                  "us-central1-c"
                ],
                "placement_policy": [],
                "queued_provisioning": [],
                "upgrade_settings": [
                  {
                    "blue_green_settings": [],
                    "max_surge": 1,
                    "max_unavailable": 0,
                    "strategy": "SURGE"
                  }
                ],
                "version": "1.35.1-gke.1396002"
              }
            ],
            "node_pool_auto_config": [
              {
                "linux_node_config": [],
                "network_tags": [],
                "node_kubelet_config": [
                  {
                    "insecure_kubelet_readonly_port_enabled": "FALSE"
                  }
                ],
                "resource_manager_tags": {}
              }
            ],
            "node_pool_defaults": [
              {
                "node_config_defaults": [
                  {
                    "containerd_config": [],
                    "gcfs_config": [],
                    "insecure_kubelet_readonly_port_enabled": "FALSE",
                    "logging_variant": "DEFAULT"
                  }
                ]
              }
            ],
            "node_version": "1.35.1-gke.1396002",
            "notification_config": [
              {
                "pubsub": [
                  {
                    "enabled": false,
                    "filter": [],
                    "topic": ""
                  }
                ]
              }
            ],
            "operation": null,
            "pod_autoscaling": [
              {
                "hpa_profile": "PERFORMANCE"
              }
            ],
            "private_cluster_config": [
              {
                "enable_private_endpoint": false,
                "enable_private_nodes": true,
                "master_global_access_config": [
                  {
                    "enabled": false
                  }
                ],
                "master_ipv4_cidr_block": "172.16.0.0/28",
                "peering_name": "",
                "private_endpoint": "172.16.0.2",
                "private_endpoint_subnetwork": "projects/retail-mvp-dev/regions/us-central1/subnetworks/gke-gke-cluster-adbbdd96-pe-subnet",
                "public_endpoint": "35.223.64.217"
              }
            ],
            "private_ipv6_google_access": "",
            "project": "retail-mvp-dev",
            "rbac_binding_config": [
              {
                "enable_insecure_binding_system_authenticated": true,
                "enable_insecure_binding_system_unauthenticated": true
              }
            ],
            "release_channel": [
              {
                "channel": "REGULAR"
              }
            ],
            "remove_default_node_pool": true,
            "resource_labels": {},
            "resource_usage_export_config": [],
            "secret_manager_config": [
              {
                "enabled": false,
                "rotation_config": []
              }
            ],
            "security_posture_config": [
              {
                "mode": "BASIC",
                "vulnerability_mode": "VULNERABILITY_MODE_UNSPECIFIED"
              }
            ],
            "self_link": "https://container.googleapis.com/v1/projects/retail-mvp-dev/locations/us-central1/clusters/gke-cluster",
            "service_external_ips_config": [
              {
                "enabled": false
              }
            ],
            "services_ipv4_cidr": "10.2.0.0/16",
            "subnetwork": "projects/retail-mvp-dev/regions/us-central1/subnetworks/gcp-subnet",
            "terraform_labels": {
              "goog-terraform-provisioned": "true"
            },
            "timeouts": null,
            "tpu_ipv4_cidr_block": "",
            "user_managed_keys_config": [],
            "vertical_pod_autoscaling": [],
            "workload_identity_config": [
              {
                "workload_pool": "retail-mvp-dev.svc.id.goog"
              }
            ]
          },
          "sensitive_attributes": [
            [
              {
                "type": "get_attr",
                "value": "master_auth"
              },
              {
                "type": "index",
                "value": {
                  "value": 0,
                  "type": "number"
                }
              },
              {
                "type": "get_attr",
                "value": "client_key"
              }
            ]
          ],
          "identity_schema_version": 0,
          "private": "eyJlMmJmYjczMC1lY2FhLTExZTYtOGY4OC0zNDM2M2JjN2M0YzAiOnsiY3JlYXRlIjoyNDAwMDAwMDAwMDAwLCJkZWxldGUiOjI0MDAwMDAwMDAwMDAsInJlYWQiOjI0MDAwMDAwMDAwMDAsInVwZGF0ZSI6MzYwMDAwMDAwMDAwMH0sInNjaGVtYV92ZXJzaW9uIjoiMiJ9",
          "dependencies": [
            "module.vpc.google_compute_network.vpc",
            "module.vpc.google_compute_subnetwork.subnet"
          ]
        }
      ]
    },
    {
      "module": "module.iam",
      "mode": "managed",
      "type": "google_project_iam_member",
      "name": "sa_artifact_reader",
      "provider": "provider[\"registry.terraform.io/hashicorp/google\"]",
      "instances": [
        {
          "schema_version": 0,
          "attributes": {
            "condition": [],
            "etag": "BwZQXXUrvFU=",
            "id": "retail-mvp-dev/roles/artifactregistry.reader/serviceAccount:gke-app-sa@retail-mvp-dev.iam.gserviceaccount.com",
            "member": "serviceAccount:gke-app-sa@retail-mvp-dev.iam.gserviceaccount.com",
            "project": "retail-mvp-dev",
            "role": "roles/artifactregistry.reader"
          },
          "sensitive_attributes": [],
          "identity_schema_version": 0,
          "private": "bnVsbA==",
          "dependencies": [
            "module.iam.google_service_account.gke_sa"
          ]
        }
      ]
    },
    {
      "module": "module.iam",
      "mode": "managed",
      "type": "google_project_iam_member",
      "name": "sa_artifact_writer",
      "provider": "provider[\"registry.terraform.io/hashicorp/google\"]",
      "instances": [
        {
          "schema_version": 0,
          "attributes": {
            "condition": [],
            "etag": "BwZQXXUrvFU=",
            "id": "retail-mvp-dev/roles/artifactregistry.writer/serviceAccount:gke-app-sa@retail-mvp-dev.iam.gserviceaccount.com",
            "member": "serviceAccount:gke-app-sa@retail-mvp-dev.iam.gserviceaccount.com",
            "project": "retail-mvp-dev",
            "role": "roles/artifactregistry.writer"
          },
          "sensitive_attributes": [],
          "identity_schema_version": 0,
          "private": "bnVsbA==",
          "dependencies": [
            "module.iam.google_service_account.gke_sa"
          ]
        }
      ]
    },
    {
      "module": "module.iam",
      "mode": "managed",
      "type": "google_project_iam_member",
      "name": "sa_container_developer",
      "provider": "provider[\"registry.terraform.io/hashicorp/google\"]",
      "instances": [
        {
          "schema_version": 0,
          "attributes": {
            "condition": [],
            "etag": "BwZQXXUrvFU=",
            "id": "retail-mvp-dev/roles/container.developer/serviceAccount:gke-app-sa@retail-mvp-dev.iam.gserviceaccount.com",
            "member": "serviceAccount:gke-app-sa@retail-mvp-dev.iam.gserviceaccount.com",
            "project": "retail-mvp-dev",
            "role": "roles/container.developer"
          },
          "sensitive_attributes": [],
          "identity_schema_version": 0,
          "private": "bnVsbA==",
          "dependencies": [
            "module.iam.google_service_account.gke_sa"
          ]
        }
      ]
    },
    {
      "module": "module.iam",
      "mode": "managed",
      "type": "google_project_iam_member",
      "name": "sa_roles",
      "provider": "provider[\"registry.terraform.io/hashicorp/google\"]",
      "instances": [
        {
          "schema_version": 0,
          "attributes": {
            "condition": [],
            "etag": "BwZQXXUrvFU=",
            "id": "retail-mvp-dev/roles/cloudsql.client/serviceAccount:gke-app-sa@retail-mvp-dev.iam.gserviceaccount.com",
            "member": "serviceAccount:gke-app-sa@retail-mvp-dev.iam.gserviceaccount.com",
            "project": "retail-mvp-dev",
            "role": "roles/cloudsql.client"
          },
          "sensitive_attributes": [],
          "identity_schema_version": 0,
          "private": "bnVsbA==",
          "dependencies": [
            "module.iam.google_service_account.gke_sa"
          ]
        }
      ]
    },
    {
      "module": "module.iam",
      "mode": "managed",
      "type": "google_service_account",
      "name": "gke_sa",
      "provider": "provider[\"registry.terraform.io/hashicorp/google\"]",
      "instances": [
        {
          "schema_version": 0,
          "attributes": {
            "account_id": "gke-app-sa",
            "create_ignore_already_exists": null,
            "description": "",
            "disabled": false,
            "display_name": "GKE App Service Account",
            "email": "gke-app-sa@retail-mvp-dev.iam.gserviceaccount.com",
            "id": "projects/retail-mvp-dev/serviceAccounts/gke-app-sa@retail-mvp-dev.iam.gserviceaccount.com",
            "member": "serviceAccount:gke-app-sa@retail-mvp-dev.iam.gserviceaccount.com",
            "name": "projects/retail-mvp-dev/serviceAccounts/gke-app-sa@retail-mvp-dev.iam.gserviceaccount.com",
            "project": "retail-mvp-dev",
            "timeouts": null,
            "unique_id": "104154141452141305265"
          },
          "sensitive_attributes": [],
          "identity_schema_version": 1,
          "identity": {
            "email": "gke-app-sa@retail-mvp-dev.iam.gserviceaccount.com",
            "project": "retail-mvp-dev"
          },
          "private": "eyJlMmJmYjczMC1lY2FhLTExZTYtOGY4OC0zNDM2M2JjN2M0YzAiOnsiY3JlYXRlIjozMDAwMDAwMDAwMDB9fQ=="
        }
      ]
    },
    {
      "module": "module.vpc",
      "mode": "managed",
      "type": "google_compute_firewall",
      "name": "allow_internal",
      "provider": "provider[\"registry.terraform.io/hashicorp/google\"]",
      "instances": [
        {
          "schema_version": 1,
          "attributes": {
            "allow": [
              {
                "ports": [
                  "1-65535"
                ],
                "protocol": "tcp"
              }
            ],
            "creation_timestamp": "2026-04-26T07:03:12.346-07:00",
            "deny": [],
            "description": "",
            "destination_ranges": [],
            "direction": "INGRESS",
            "disabled": false,
            "enable_logging": null,
            "id": "projects/retail-mvp-dev/global/firewalls/allow-internal",
            "log_config": [],
            "name": "allow-internal",
            "network": "https://www.googleapis.com/compute/v1/projects/retail-mvp-dev/global/networks/gcp-vpc",
            "params": [],
            "priority": 1000,
            "project": "retail-mvp-dev",
            "self_link": "https://www.googleapis.com/compute/v1/projects/retail-mvp-dev/global/firewalls/allow-internal",
            "source_ranges": [
              "10.0.0.0/16"
            ],
            "source_service_accounts": [],
            "source_tags": [],
            "target_service_accounts": [],
            "target_tags": [],
            "timeouts": null
          },
          "sensitive_attributes": [],
          "identity_schema_version": 1,
          "identity": {
            "name": "allow-internal",
            "project": "retail-mvp-dev"
          },
          "private": "eyJlMmJmYjczMC1lY2FhLTExZTYtOGY4OC0zNDM2M2JjN2M0YzAiOnsiY3JlYXRlIjoxMjAwMDAwMDAwMDAwLCJkZWxldGUiOjEyMDAwMDAwMDAwMDAsInVwZGF0ZSI6MTIwMDAwMDAwMDAwMH0sInNjaGVtYV92ZXJzaW9uIjoiMSJ9",
          "dependencies": [
            "module.vpc.google_compute_network.vpc"
          ]
        }
      ]
    },
    {
      "module": "module.vpc",
      "mode": "managed",
      "type": "google_compute_global_address",
      "name": "private_ip_address",
      "provider": "provider[\"registry.terraform.io/hashicorp/google\"]",
      "instances": [
        {
          "schema_version": 0,
          "attributes": {
            "address": "10.189.0.0",
            "address_type": "INTERNAL",
            "creation_timestamp": "2026-04-26T07:03:12.284-07:00",
            "description": "",
            "effective_labels": {
              "goog-terraform-provisioned": "true"
            },
            "id": "projects/retail-mvp-dev/global/addresses/private-ip-address",
            "ip_version": "",
            "label_fingerprint": "vezUS-42LLM=",
            "labels": {},
            "name": "private-ip-address",
            "network": "https://www.googleapis.com/compute/v1/projects/retail-mvp-dev/global/networks/gcp-vpc",
            "prefix_length": 16,
            "project": "retail-mvp-dev",
            "purpose": "VPC_PEERING",
            "self_link": "https://www.googleapis.com/compute/v1/projects/retail-mvp-dev/global/addresses/private-ip-address",
            "terraform_labels": {
              "goog-terraform-provisioned": "true"
            },
            "timeouts": null
          },
          "sensitive_attributes": [],
          "identity_schema_version": 1,
          "identity": {
            "name": "private-ip-address",
            "project": "retail-mvp-dev"
          },
          "private": "eyJlMmJmYjczMC1lY2FhLTExZTYtOGY4OC0zNDM2M2JjN2M0YzAiOnsiY3JlYXRlIjoxMjAwMDAwMDAwMDAwLCJkZWxldGUiOjEyMDAwMDAwMDAwMDAsInVwZGF0ZSI6MTIwMDAwMDAwMDAwMH19",
          "dependencies": [
            "module.vpc.google_compute_network.vpc"
          ]
        }
      ]
    },
    {
      "module": "module.vpc",
      "mode": "managed",
      "type": "google_compute_network",
      "name": "vpc",
      "provider": "provider[\"registry.terraform.io/hashicorp/google\"]",
      "instances": [
        {
          "schema_version": 0,
          "attributes": {
            "auto_create_subnetworks": false,
            "bgp_always_compare_med": false,
            "bgp_best_path_selection_mode": "LEGACY",
            "bgp_inter_region_cost": "",
            "delete_bgp_always_compare_med": false,
            "delete_default_routes_on_create": false,
            "description": "",
            "enable_ula_internal_ipv6": false,
            "gateway_ipv4": "",
            "id": "projects/retail-mvp-dev/global/networks/gcp-vpc",
            "internal_ipv6_range": "",
            "mtu": 0,
            "name": "gcp-vpc",
            "network_firewall_policy_enforcement_order": "AFTER_CLASSIC_FIREWALL",
            "network_id": "4137053330264532454",
            "network_profile": "",
            "numeric_id": "4137053330264532454",
            "params": [],
            "project": "retail-mvp-dev",
            "routing_mode": "REGIONAL",
            "self_link": "https://www.googleapis.com/compute/v1/projects/retail-mvp-dev/global/networks/gcp-vpc",
            "timeouts": null
          },
          "sensitive_attributes": [],
          "identity_schema_version": 1,
          "identity": {
            "name": "gcp-vpc",
            "project": "retail-mvp-dev"
          },
          "private": "eyJlMmJmYjczMC1lY2FhLTExZTYtOGY4OC0zNDM2M2JjN2M0YzAiOnsiY3JlYXRlIjoxMjAwMDAwMDAwMDAwLCJkZWxldGUiOjEyMDAwMDAwMDAwMDAsInVwZGF0ZSI6MTIwMDAwMDAwMDAwMH19"
        }
      ]
    },
    {
      "module": "module.vpc",
      "mode": "managed",
      "type": "google_compute_router",
      "name": "router",
      "provider": "provider[\"registry.terraform.io/hashicorp/google\"]",
      "instances": [
        {
          "schema_version": 0,
          "attributes": {
            "bgp": [],
            "creation_timestamp": "2026-04-26T07:03:12.847-07:00",
            "description": "",
            "encrypted_interconnect_router": false,
            "id": "projects/retail-mvp-dev/regions/us-central1/routers/gcp-router",
            "md5_authentication_keys": [],
            "name": "gcp-router",
            "network": "https://www.googleapis.com/compute/v1/projects/retail-mvp-dev/global/networks/gcp-vpc",
            "params": [],
            "project": "retail-mvp-dev",
            "region": "us-central1",
            "self_link": "https://www.googleapis.com/compute/v1/projects/retail-mvp-dev/regions/us-central1/routers/gcp-router",
            "timeouts": null
          },
          "sensitive_attributes": [],
          "identity_schema_version": 1,
          "identity": {
            "name": "gcp-router",
            "project": "retail-mvp-dev",
            "region": "us-central1"
          },
          "private": "eyJlMmJmYjczMC1lY2FhLTExZTYtOGY4OC0zNDM2M2JjN2M0YzAiOnsiY3JlYXRlIjoxMjAwMDAwMDAwMDAwLCJkZWxldGUiOjEyMDAwMDAwMDAwMDAsInVwZGF0ZSI6MTIwMDAwMDAwMDAwMH19",
          "dependencies": [
            "module.vpc.google_compute_network.vpc"
          ]
        }
      ]
    },
    {
      "module": "module.vpc",
      "mode": "managed",
      "type": "google_compute_router_nat",
      "name": "nat",
      "provider": "provider[\"registry.terraform.io/hashicorp/google\"]",
      "instances": [
        {
          "schema_version": 0,
          "attributes": {
            "auto_network_tier": null,
            "drain_nat_ips": [],
            "enable_dynamic_port_allocation": false,
            "enable_endpoint_independent_mapping": false,
            "endpoint_types": [
              "ENDPOINT_TYPE_VM"
            ],
            "icmp_idle_timeout_sec": 30,
            "id": "retail-mvp-dev/us-central1/gcp-router/gcp-nat",
            "initial_nat_ips": null,
            "log_config": [
              {
                "enable": true,
                "filter": "ERRORS_ONLY"
              }
            ],
            "max_ports_per_vm": 0,
            "min_ports_per_vm": 0,
            "name": "gcp-nat",
            "nat64_subnetwork": [],
            "nat_ip_allocate_option": "AUTO_ONLY",
            "nat_ips": [],
            "project": "retail-mvp-dev",
            "region": "us-central1",
            "router": "gcp-router",
            "rules": [],
            "source_subnetwork_ip_ranges_to_nat": "ALL_SUBNETWORKS_ALL_IP_RANGES",
            "source_subnetwork_ip_ranges_to_nat64": "",
            "subnetwork": [],
            "tcp_established_idle_timeout_sec": 1200,
            "tcp_time_wait_timeout_sec": 120,
            "tcp_transitory_idle_timeout_sec": 30,
            "timeouts": null,
            "type": "PUBLIC",
            "udp_idle_timeout_sec": 30
          },
          "sensitive_attributes": [],
          "identity_schema_version": 1,
          "identity": {
            "name": "gcp-nat",
            "project": "retail-mvp-dev",
            "region": "us-central1",
            "router": "gcp-router"
          },
          "private": "eyJlMmJmYjczMC1lY2FhLTExZTYtOGY4OC0zNDM2M2JjN2M0YzAiOnsiY3JlYXRlIjoxMjAwMDAwMDAwMDAwLCJkZWxldGUiOjEyMDAwMDAwMDAwMDAsInVwZGF0ZSI6MTIwMDAwMDAwMDAwMH19",
          "dependencies": [
            "module.vpc.google_compute_network.vpc",
            "module.vpc.google_compute_router.router"
          ]
        }
      ]
    },
    {
      "module": "module.vpc",
      "mode": "managed",
      "type": "google_compute_subnetwork",
      "name": "subnet",
      "provider": "provider[\"registry.terraform.io/hashicorp/google\"]",
      "instances": [
        {
          "schema_version": 0,
          "attributes": {
            "allow_subnet_cidr_routes_overlap": false,
            "creation_timestamp": "2026-04-26T07:03:12.749-07:00",
            "description": "",
            "external_ipv6_prefix": "",
            "fingerprint": null,
            "gateway_address": "10.0.0.1",
            "id": "projects/retail-mvp-dev/regions/us-central1/subnetworks/gcp-subnet",
            "internal_ipv6_prefix": "",
            "ip_cidr_range": "10.0.0.0/16",
            "ip_collection": null,
            "ipv6_access_type": "",
            "ipv6_cidr_range": "",
            "ipv6_gce_endpoint": "",
            "log_config": [],
            "name": "gcp-subnet",
            "network": "https://www.googleapis.com/compute/v1/projects/retail-mvp-dev/global/networks/gcp-vpc",
            "params": [],
            "private_ip_google_access": true,
            "private_ipv6_google_access": "DISABLE_GOOGLE_ACCESS",
            "project": "retail-mvp-dev",
            "purpose": "PRIVATE",
            "region": "us-central1",
            "reserved_internal_range": "",
            "resolve_subnet_mask": "",
            "role": "",
            "secondary_ip_range": [
              {
                "ip_cidr_range": "10.1.0.0/16",
                "range_name": "pods-range",
                "reserved_internal_range": ""
              },
              {
                "ip_cidr_range": "10.2.0.0/16",
                "range_name": "services-range",
                "reserved_internal_range": ""
              }
            ],
            "self_link": "https://www.googleapis.com/compute/v1/projects/retail-mvp-dev/regions/us-central1/subnetworks/gcp-subnet",
            "send_secondary_ip_range_if_empty": null,
            "stack_type": "IPV4_ONLY",
            "state": "",
            "subnetwork_id": 9069785366634145231,
            "timeouts": null
          },
          "sensitive_attributes": [],
          "identity_schema_version": 1,
          "identity": {
            "name": "gcp-subnet",
            "project": "retail-mvp-dev",
            "region": "us-central1"
          },
          "private": "eyJlMmJmYjczMC1lY2FhLTExZTYtOGY4OC0zNDM2M2JjN2M0YzAiOnsiY3JlYXRlIjoxMjAwMDAwMDAwMDAwLCJkZWxldGUiOjEyMDAwMDAwMDAwMDAsInVwZGF0ZSI6MTIwMDAwMDAwMDAwMH19",
          "dependencies": [
            "module.vpc.google_compute_network.vpc"
          ]
        }
      ]
    },
    {
      "module": "module.vpc",
      "mode": "managed",
      "type": "google_service_networking_connection",
      "name": "private_vpc_connection",
      "provider": "provider[\"registry.terraform.io/hashicorp/google\"]",
      "instances": [
        {
          "schema_version": 0,
          "attributes": {
            "deletion_policy": null,
            "id": "projects%2Fretail-mvp-dev%2Fglobal%2Fnetworks%2Fgcp-vpc:servicenetworking.googleapis.com",
            "network": "projects/retail-mvp-dev/global/networks/gcp-vpc",
            "peering": "servicenetworking-googleapis-com",
            "reserved_peering_ranges": [
              "private-ip-address"
            ],
            "service": "servicenetworking.googleapis.com",
            "timeouts": null,
            "update_on_creation_fail": null
          },
          "sensitive_attributes": [],
          "identity_schema_version": 0,
          "private": "eyJlMmJmYjczMC1lY2FhLTExZTYtOGY4OC0zNDM2M2JjN2M0YzAiOnsiY3JlYXRlIjo2MDAwMDAwMDAwMDAsImRlbGV0ZSI6NjAwMDAwMDAwMDAwLCJ1cGRhdGUiOjYwMDAwMDAwMDAwMH19",
          "dependencies": [
            "module.vpc.google_compute_global_address.private_ip_address",
            "module.vpc.google_compute_network.vpc"
          ]
        }
      ]
    }
  ],
  "check_results": null
}
